
Microsoft Visual Studio Solution File, Format Version 10.00
# Visual C++ Express 2008
Project("{8BC9CEB8-8B4A-11D0-8D11-00A0C91BC942}") = "Console-2008", "Console-2008\Console-2008.vcproj", "{84C615EF-646F-4D29-8ECB-38D4E000A743}"
EndProject
Global
	GlobalSection(SolutionConfigurationPlatforms) = preSolution
		Debug|Win32 = Debug|Win32
		Release|Win32 = Release|Win32
	EndGlobalSection
	GlobalSection(ProjectConfigurationPlatforms) = postSolution
		{84C615EF-646F-4D29-8ECB-38D4E000A743}.Debug|Win32.ActiveCfg = Debug|Win32
		{84C615EF-646F-4D29-8ECB-38D4E000A743}.Debug|Win32.Build.0 = Debug|Win32
		{84C615EF-646F-4D29-8ECB-38D4E000A743}.Release|Win32.ActiveCfg = Release|Win32
		{84C615EF-646F-4D29-8ECB-38D4E000A743}.Release|Win32.Build.0 = Release|Win32
	EndGlobalSection
	GlobalSection(SolutionProperties) = preSolution
		HideSolutionNode = FALSE
	EndGlobalSection
EndGlobal
