
Microsoft Visual Studio Solution File, Format Version 10.00
# Visual C++ Express 2008
Project("{8BC9CEB8-8B4A-11D0-8D11-00A0C91BC942}") = "Win32-2008", "Win32-2008\Win32-2008.vcproj", "{D7576A52-04C8-4369-B387-80B089A5731E}"
EndProject
Global
	GlobalSection(SolutionConfigurationPlatforms) = preSolution
		Debug|Win32 = Debug|Win32
		Release|Win32 = Release|Win32
	EndGlobalSection
	GlobalSection(ProjectConfigurationPlatforms) = postSolution
		{D7576A52-04C8-4369-B387-80B089A5731E}.Debug|Win32.ActiveCfg = Debug|Win32
		{D7576A52-04C8-4369-B387-80B089A5731E}.Debug|Win32.Build.0 = Debug|Win32
		{D7576A52-04C8-4369-B387-80B089A5731E}.Release|Win32.ActiveCfg = Release|Win32
		{D7576A52-04C8-4369-B387-80B089A5731E}.Release|Win32.Build.0 = Release|Win32
	EndGlobalSection
	GlobalSection(SolutionProperties) = preSolution
		HideSolutionNode = FALSE
	EndGlobalSection
EndGlobal
