
Microsoft Visual Studio Solution File, Format Version 12.00
# Visual Studio Version 16
VisualStudioVersion = 16.0.29519.181
MinimumVisualStudioVersion = 10.0.40219.1
Project("{FAE04EC0-301F-11D3-BF4B-00C04F79EFBC}") = "WindowsFormsAppCore-2019", "WindowsFormsAppCore-2019\WindowsFormsAppCore-2019.csproj", "{C8B76245-DC95-4A6B-A166-09F38BF20AC9}"
EndProject
Global
	GlobalSection(SolutionConfigurationPlatforms) = preSolution
		Debug|Any CPU = Debug|Any CPU
		Release|Any CPU = Release|Any CPU
	EndGlobalSection
	GlobalSection(ProjectConfigurationPlatforms) = postSolution
		{C8B76245-DC95-4A6B-A166-09F38BF20AC9}.Debug|Any CPU.ActiveCfg = Debug|Any CPU
		{C8B76245-DC95-4A6B-A166-09F38BF20AC9}.Debug|Any CPU.Build.0 = Debug|Any CPU
		{C8B76245-DC95-4A6B-A166-09F38BF20AC9}.Release|Any CPU.ActiveCfg = Release|Any CPU
		{C8B76245-DC95-4A6B-A166-09F38BF20AC9}.Release|Any CPU.Build.0 = Release|Any CPU
	EndGlobalSection
	GlobalSection(SolutionProperties) = preSolution
		HideSolutionNode = FALSE
	EndGlobalSection
	GlobalSection(ExtensibilityGlobals) = postSolution
		SolutionGuid = {4E169FCA-19C6-47E6-876F-206FBAB8D0A1}
	EndGlobalSection
EndGlobal
